
Microsoft Visual Studio Solution File, Format Version 12.00
# Visual Studio 2015
Project("{FAE04EC0-301F-11D3-BF4B-00C04F79EFBC}") = "TicTacToeXtreme.CSharp", "TicTacToeXtreme.CSharp.csproj", "{CBA61CF5-759F-5514-9588-34BCAC95FEEF}"
EndProject
Global
	GlobalSection(SolutionConfigurationPlatforms) = preSolution
		Debug|Any CPU = Debug|Any CPU
		Release|Any CPU = Release|Any CPU
	EndGlobalSection
	GlobalSection(ProjectConfigurationPlatforms) = postSolution
		{CBA61CF5-759F-5514-9588-34BCAC95FEEF}.Debug|Any CPU.ActiveCfg = Debug|Any CPU
		{CBA61CF5-759F-5514-9588-34BCAC95FEEF}.Debug|Any CPU.Build.0 = Debug|Any CPU
		{CBA61CF5-759F-5514-9588-34BCAC95FEEF}.Release|Any CPU.ActiveCfg = Release|Any CPU
		{CBA61CF5-759F-5514-9588-34BCAC95FEEF}.Release|Any CPU.Build.0 = Release|Any CPU
	EndGlobalSection
	GlobalSection(SolutionProperties) = preSolution
		HideSolutionNode = FALSE
	EndGlobalSection
EndGlobal
